# THIS IS AN AUTOGENERATED FILE. DO NOT EDIT THIS FILE DIRECTLY.
# yarn lockfile v1


"@matteusan/himig-web@0.1.6":
  version "0.1.6"
  resolved "https://registry.yarnpkg.com/@matteusan/himig-web/-/himig-web-0.1.6.tgz#569066d7db846e9450c44c8d4dedc0102a05a65d"
  integrity sha512-xffillRSiiE0DiFBnnL/jFi/LykGzlzYUD5H2jjcLS8YtvUj8hRe1YdpWe1lk8XTVT3MBlolMiTiot1gL4qi1w==
  dependencies:
    "@matteusan/sentro" "0.1.17"

"@matteusan/sentro@0.1.17":
  version "0.1.17"
  resolved "https://registry.yarnpkg.com/@matteusan/sentro/-/sentro-0.1.17.tgz#1564e3287989a09691db35888cb6ad828c52d0c8"
  integrity sha512-kn3S3HlbYbjSBzlUfSFDWceoIQKLMVrH8lmthbTKgYb5up2GGa5vuaqlzOBAYRRtCNUOOoPI91bSml9CmQjCvA==
