# THIS IS AN AUTOGENERATED FILE. DO NOT EDIT THIS FILE DIRECTLY.
# yarn lockfile v1


"@matteu-san/himig-web@0.1.2":
  version "0.1.2"
  resolved "https://registry.yarnpkg.com/@matteu-san/himig-web/-/himig-web-0.1.2.tgz#098a735945b3151320d5049c80ae40e2bd227c94"
  integrity sha512-4AFIh57MXZnUsiZbDrb9NUjkvehIYylkxj9zZEvCG3wxMVi3XLPG/ET85+ECee/qBWpx66KI65hJQOBOkf39kg==
  dependencies:
    "@matteu-san/sentro" "0.1.10"

"@matteu-san/sentro@0.1.10":
  version "0.1.10"
  resolved "https://registry.yarnpkg.com/@matteu-san/sentro/-/sentro-0.1.10.tgz#cbd25bc42ffd8aaa79a97a10f239ecb9bd424e30"
  integrity sha512-uGRfS5sHdBHfH/WR4B14BanG2sOLo98vbaAGuBzQTkzIvcFdTdSW1dmNrlXIftJIueA4sqotqSFGIy2DDoBPlw==
